
Microsoft Visual Studio Solution File, Format Version 12.00
# Visual Studio Version 17
VisualStudioVersion = 17.3.32804.467
MinimumVisualStudioVersion = 10.0.40219.1
Project("{FAE04EC0-301F-11D3-BF4B-00C04F79EFBC}") = "iPresence_API_Proj", "iPresence_API_Proj\iPresence_API_Proj.csproj", "{1694A6E7-6835-4677-9BB2-959F9B25512C}"
EndProject
Global
	GlobalSection(SolutionConfigurationPlatforms) = preSolution
		Debug|Any CPU = Debug|Any CPU
		Release|Any CPU = Release|Any CPU
	EndGlobalSection
	GlobalSection(ProjectConfigurationPlatforms) = postSolution
		{1694A6E7-6835-4677-9BB2-959F9B25512C}.Debug|Any CPU.ActiveCfg = Debug|Any CPU
		{1694A6E7-6835-4677-9BB2-959F9B25512C}.Debug|Any CPU.Build.0 = Debug|Any CPU
		{1694A6E7-6835-4677-9BB2-959F9B25512C}.Release|Any CPU.ActiveCfg = Release|Any CPU
		{1694A6E7-6835-4677-9BB2-959F9B25512C}.Release|Any CPU.Build.0 = Release|Any CPU
	EndGlobalSection
	GlobalSection(SolutionProperties) = preSolution
		HideSolutionNode = FALSE
	EndGlobalSection
	GlobalSection(ExtensibilityGlobals) = postSolution
		SolutionGuid = {73BE8CC3-D5D7-4EBB-BF26-1DCC2DA1C532}
	EndGlobalSection
EndGlobal
